
Microsoft Visual Studio Solution File, Format Version 12.00
# Visual Studio 2013
VisualStudioVersion = 12.0.30501.0
MinimumVisualStudioVersion = 10.0.40219.1
Project("{FAE04EC0-301F-11D3-BF4B-00C04F79EFBC}") = "IECBomb", "EffectEditor\IECBomb.csproj", "{FFD20A15-1583-4389-99A1-5268266D974A}"
EndProject
Project("{FAE04EC0-301F-11D3-BF4B-00C04F79EFBC}") = "ParticleEngine", "..\MasaLibs\ParticleEngine\ParticleEngine.csproj", "{30D007CC-761B-4DF9-A4C5-14B52D76BF79}"
EndProject
Project("{FAE04EC0-301F-11D3-BF4B-00C04F79EFBC}") = "ScriptEngine", "..\MasaLibs\ScriptEngine\ScriptEngine.csproj", "{62865417-0F86-47A2-97E6-1DEA541F7B23}"
EndProject
Project("{FAE04EC0-301F-11D3-BF4B-00C04F79EFBC}") = "MasaLib", "..\MasaLibs\MasaLib\MasaLib.csproj", "{BADD7C9A-BC50-46CF-882C-58D597DC8495}"
EndProject
Project("{FAE04EC0-301F-11D3-BF4B-00C04F79EFBC}") = "MasaLibXNA", "..\MasaLibs\MasaLibXNA\MasaLibXNA.csproj", "{C91DC223-ED7F-4E12-B465-FBA807F6817A}"
EndProject
Project("{2150E333-8FDC-42A3-9474-1A3956D46DE8}") = ".nuget", ".nuget", "{5CD58F73-4151-4728-9C31-7446A9A61674}"
	ProjectSection(SolutionItems) = preProject
		.nuget\NuGet.Config = .nuget\NuGet.Config
		.nuget\NuGet.exe = .nuget\NuGet.exe
		.nuget\NuGet.targets = .nuget\NuGet.targets
	EndProjectSection
EndProject
Project("{F2A71F9B-5D33-465A-A702-920D77279786}") = "GALibrary", "GALibrary\GALibrary.fsproj", "{2029071E-3894-46BE-AD0A-F9FB4A298E1A}"
EndProject
Global
	GlobalSection(SolutionConfigurationPlatforms) = preSolution
		Debug|Any CPU = Debug|Any CPU
		Debug|Mixed Platforms = Debug|Mixed Platforms
		Debug|x86 = Debug|x86
		Release|Any CPU = Release|Any CPU
		Release|Mixed Platforms = Release|Mixed Platforms
		Release|x86 = Release|x86
	EndGlobalSection
	GlobalSection(ProjectConfigurationPlatforms) = postSolution
		{FFD20A15-1583-4389-99A1-5268266D974A}.Debug|Any CPU.ActiveCfg = Debug|x86
		{FFD20A15-1583-4389-99A1-5268266D974A}.Debug|Mixed Platforms.ActiveCfg = Debug|x86
		{FFD20A15-1583-4389-99A1-5268266D974A}.Debug|Mixed Platforms.Build.0 = Debug|x86
		{FFD20A15-1583-4389-99A1-5268266D974A}.Debug|x86.ActiveCfg = Debug|x86
		{FFD20A15-1583-4389-99A1-5268266D974A}.Debug|x86.Build.0 = Debug|x86
		{FFD20A15-1583-4389-99A1-5268266D974A}.Release|Any CPU.ActiveCfg = Release|x86
		{FFD20A15-1583-4389-99A1-5268266D974A}.Release|Mixed Platforms.ActiveCfg = Release|x86
		{FFD20A15-1583-4389-99A1-5268266D974A}.Release|Mixed Platforms.Build.0 = Release|x86
		{FFD20A15-1583-4389-99A1-5268266D974A}.Release|x86.ActiveCfg = Release|x86
		{FFD20A15-1583-4389-99A1-5268266D974A}.Release|x86.Build.0 = Release|x86
		{30D007CC-761B-4DF9-A4C5-14B52D76BF79}.Debug|Any CPU.ActiveCfg = Debug|Any CPU
		{30D007CC-761B-4DF9-A4C5-14B52D76BF79}.Debug|Any CPU.Build.0 = Debug|Any CPU
		{30D007CC-761B-4DF9-A4C5-14B52D76BF79}.Debug|Mixed Platforms.ActiveCfg = Debug|Any CPU
		{30D007CC-761B-4DF9-A4C5-14B52D76BF79}.Debug|Mixed Platforms.Build.0 = Debug|Any CPU
		{30D007CC-761B-4DF9-A4C5-14B52D76BF79}.Debug|x86.ActiveCfg = Debug|Any CPU
		{30D007CC-761B-4DF9-A4C5-14B52D76BF79}.Release|Any CPU.ActiveCfg = Release|Any CPU
		{30D007CC-761B-4DF9-A4C5-14B52D76BF79}.Release|Any CPU.Build.0 = Release|Any CPU
		{30D007CC-761B-4DF9-A4C5-14B52D76BF79}.Release|Mixed Platforms.ActiveCfg = Release|Any CPU
		{30D007CC-761B-4DF9-A4C5-14B52D76BF79}.Release|Mixed Platforms.Build.0 = Release|Any CPU
		{30D007CC-761B-4DF9-A4C5-14B52D76BF79}.Release|x86.ActiveCfg = Release|Any CPU
		{62865417-0F86-47A2-97E6-1DEA541F7B23}.Debug|Any CPU.ActiveCfg = Debug|Any CPU
		{62865417-0F86-47A2-97E6-1DEA541F7B23}.Debug|Any CPU.Build.0 = Debug|Any CPU
		{62865417-0F86-47A2-97E6-1DEA541F7B23}.Debug|Mixed Platforms.ActiveCfg = Debug|Any CPU
		{62865417-0F86-47A2-97E6-1DEA541F7B23}.Debug|Mixed Platforms.Build.0 = Debug|Any CPU
		{62865417-0F86-47A2-97E6-1DEA541F7B23}.Debug|x86.ActiveCfg = Debug|Any CPU
		{62865417-0F86-47A2-97E6-1DEA541F7B23}.Release|Any CPU.ActiveCfg = Release|Any CPU
		{62865417-0F86-47A2-97E6-1DEA541F7B23}.Release|Any CPU.Build.0 = Release|Any CPU
		{62865417-0F86-47A2-97E6-1DEA541F7B23}.Release|Mixed Platforms.ActiveCfg = Release|Any CPU
		{62865417-0F86-47A2-97E6-1DEA541F7B23}.Release|Mixed Platforms.Build.0 = Release|Any CPU
		{62865417-0F86-47A2-97E6-1DEA541F7B23}.Release|x86.ActiveCfg = Release|Any CPU
		{BADD7C9A-BC50-46CF-882C-58D597DC8495}.Debug|Any CPU.ActiveCfg = Debug|Any CPU
		{BADD7C9A-BC50-46CF-882C-58D597DC8495}.Debug|Any CPU.Build.0 = Debug|Any CPU
		{BADD7C9A-BC50-46CF-882C-58D597DC8495}.Debug|Mixed Platforms.ActiveCfg = Debug|Any CPU
		{BADD7C9A-BC50-46CF-882C-58D597DC8495}.Debug|Mixed Platforms.Build.0 = Debug|Any CPU
		{BADD7C9A-BC50-46CF-882C-58D597DC8495}.Debug|x86.ActiveCfg = Debug|Any CPU
		{BADD7C9A-BC50-46CF-882C-58D597DC8495}.Release|Any CPU.ActiveCfg = Release|Any CPU
		{BADD7C9A-BC50-46CF-882C-58D597DC8495}.Release|Any CPU.Build.0 = Release|Any CPU
		{BADD7C9A-BC50-46CF-882C-58D597DC8495}.Release|Mixed Platforms.ActiveCfg = Release|Any CPU
		{BADD7C9A-BC50-46CF-882C-58D597DC8495}.Release|Mixed Platforms.Build.0 = Release|Any CPU
		{BADD7C9A-BC50-46CF-882C-58D597DC8495}.Release|x86.ActiveCfg = Release|Any CPU
		{C91DC223-ED7F-4E12-B465-FBA807F6817A}.Debug|Any CPU.ActiveCfg = Debug|Any CPU
		{C91DC223-ED7F-4E12-B465-FBA807F6817A}.Debug|Any CPU.Build.0 = Debug|Any CPU
		{C91DC223-ED7F-4E12-B465-FBA807F6817A}.Debug|Mixed Platforms.ActiveCfg = Debug|Any CPU
		{C91DC223-ED7F-4E12-B465-FBA807F6817A}.Debug|Mixed Platforms.Build.0 = Debug|Any CPU
		{C91DC223-ED7F-4E12-B465-FBA807F6817A}.Debug|x86.ActiveCfg = Debug|Any CPU
		{C91DC223-ED7F-4E12-B465-FBA807F6817A}.Release|Any CPU.ActiveCfg = Release|Any CPU
		{C91DC223-ED7F-4E12-B465-FBA807F6817A}.Release|Any CPU.Build.0 = Release|Any CPU
		{C91DC223-ED7F-4E12-B465-FBA807F6817A}.Release|Mixed Platforms.ActiveCfg = Release|Any CPU
		{C91DC223-ED7F-4E12-B465-FBA807F6817A}.Release|Mixed Platforms.Build.0 = Release|Any CPU
		{C91DC223-ED7F-4E12-B465-FBA807F6817A}.Release|x86.ActiveCfg = Release|Any CPU
		{2029071E-3894-46BE-AD0A-F9FB4A298E1A}.Debug|Any CPU.ActiveCfg = Debug|Any CPU
		{2029071E-3894-46BE-AD0A-F9FB4A298E1A}.Debug|Any CPU.Build.0 = Debug|Any CPU
		{2029071E-3894-46BE-AD0A-F9FB4A298E1A}.Debug|Mixed Platforms.ActiveCfg = Debug|Any CPU
		{2029071E-3894-46BE-AD0A-F9FB4A298E1A}.Debug|Mixed Platforms.Build.0 = Debug|Any CPU
		{2029071E-3894-46BE-AD0A-F9FB4A298E1A}.Debug|x86.ActiveCfg = Debug|Any CPU
		{2029071E-3894-46BE-AD0A-F9FB4A298E1A}.Release|Any CPU.ActiveCfg = Release|Any CPU
		{2029071E-3894-46BE-AD0A-F9FB4A298E1A}.Release|Any CPU.Build.0 = Release|Any CPU
		{2029071E-3894-46BE-AD0A-F9FB4A298E1A}.Release|Mixed Platforms.ActiveCfg = Release|Any CPU
		{2029071E-3894-46BE-AD0A-F9FB4A298E1A}.Release|Mixed Platforms.Build.0 = Release|Any CPU
		{2029071E-3894-46BE-AD0A-F9FB4A298E1A}.Release|x86.ActiveCfg = Release|Any CPU
	EndGlobalSection
	GlobalSection(SolutionProperties) = preSolution
		HideSolutionNode = FALSE
	EndGlobalSection
EndGlobal
